PODS:
  - pdftotxt (0.1.3):
    - pdftotxt/xpdf (= 0.1.3)
  - pdftotxt/xpdf (0.1.3)

DEPENDENCIES:
  - pdftotxt (from `../`)

EXTERNAL SOURCES:
  pdftotxt:
    :path: "../"

SPEC CHECKSUMS:
  pdftotxt: fe108ba4238caf616b519fc7aeb99e690b9289bc

PODFILE CHECKSUM: 96d7bf7e779cc36f4b69e1e3aabc4f218d0b74d5

COCOAPODS: 1.6.1
